
Microsoft Visual Studio Solution File, Format Version 12.00
# Visual Studio 15
VisualStudioVersion = 15.0.26730.15
MinimumVisualStudioVersion = 10.0.40219.1
Project("{FAE04EC0-301F-11D3-BF4B-00C04F79EFBC}") = "VsIncludeEditor", "VsIncludeEditor\VsIncludeEditor.csproj", "{0478C710-902A-46C9-A059-9D9FC4F434D6}"
EndProject
Global
	GlobalSection(SolutionConfigurationPlatforms) = preSolution
		Debug|Any CPU = Debug|Any CPU
		Release|Any CPU = Release|Any CPU
	EndGlobalSection
	GlobalSection(ProjectConfigurationPlatforms) = postSolution
		{0478C710-902A-46C9-A059-9D9FC4F434D6}.Debug|Any CPU.ActiveCfg = Debug|Any CPU
		{0478C710-902A-46C9-A059-9D9FC4F434D6}.Debug|Any CPU.Build.0 = Debug|Any CPU
		{0478C710-902A-46C9-A059-9D9FC4F434D6}.Release|Any CPU.ActiveCfg = Release|Any CPU
		{0478C710-902A-46C9-A059-9D9FC4F434D6}.Release|Any CPU.Build.0 = Release|Any CPU
	EndGlobalSection
	GlobalSection(SolutionProperties) = preSolution
		HideSolutionNode = FALSE
	EndGlobalSection
	GlobalSection(ExtensibilityGlobals) = postSolution
		SolutionGuid = {FF3A8BE6-80E9-4E81-8C36-44F11F114A1D}
	EndGlobalSection
EndGlobal
